
Microsoft Visual Studio Solution File, Format Version 12.00
# Visual Studio Version 16
VisualStudioVersion = 16.0.29009.5
MinimumVisualStudioVersion = 10.0.40219.1
Project("{9A19103F-16F7-4668-BE54-9A1E7A4F7556}") = "WordUnscrambler", "WordUnscrambler\WordUnscrambler.csproj", "{72208F61-9DC9-451A-9189-09206BC69037}"
EndProject
Project("{FAE04EC0-301F-11D3-BF4B-00C04F79EFBC}") = "WordUnscrambler.Test.Unit", "WordUnscrambler.Test.Unit\WordUnscrambler.Test.Unit.csproj", "{1B7C1B5C-863F-4D76-83AC-792B98048F80}"
EndProject
Global
	GlobalSection(SolutionConfigurationPlatforms) = preSolution
		Debug|Any CPU = Debug|Any CPU
		Release|Any CPU = Release|Any CPU
	EndGlobalSection
	GlobalSection(ProjectConfigurationPlatforms) = postSolution
		{72208F61-9DC9-451A-9189-09206BC69037}.Debug|Any CPU.ActiveCfg = Debug|Any CPU
		{72208F61-9DC9-451A-9189-09206BC69037}.Debug|Any CPU.Build.0 = Debug|Any CPU
		{72208F61-9DC9-451A-9189-09206BC69037}.Release|Any CPU.ActiveCfg = Release|Any CPU
		{72208F61-9DC9-451A-9189-09206BC69037}.Release|Any CPU.Build.0 = Release|Any CPU
		{1B7C1B5C-863F-4D76-83AC-792B98048F80}.Debug|Any CPU.ActiveCfg = Debug|Any CPU
		{1B7C1B5C-863F-4D76-83AC-792B98048F80}.Debug|Any CPU.Build.0 = Debug|Any CPU
		{1B7C1B5C-863F-4D76-83AC-792B98048F80}.Release|Any CPU.ActiveCfg = Release|Any CPU
		{1B7C1B5C-863F-4D76-83AC-792B98048F80}.Release|Any CPU.Build.0 = Release|Any CPU
	EndGlobalSection
	GlobalSection(SolutionProperties) = preSolution
		HideSolutionNode = FALSE
	EndGlobalSection
	GlobalSection(ExtensibilityGlobals) = postSolution
		SolutionGuid = {42DA03A8-0115-413D-A07F-6D31075C40ED}
	EndGlobalSection
EndGlobal
